
Microsoft Visual Studio Solution File, Format Version 12.00
# Visual Studio Version 17
VisualStudioVersion = 17.5.33530.505
MinimumVisualStudioVersion = 10.0.40219.1
Project("{FAE04EC0-301F-11D3-BF4B-00C04F79EFBC}") = "TestRamsay", "TestRamsay.csproj", "{89D51EDD-99FC-4B11-AD81-B87A8D1301D0}"
EndProject
Global
	GlobalSection(SolutionConfigurationPlatforms) = preSolution
		Debug|Any CPU = Debug|Any CPU
		Release|Any CPU = Release|Any CPU
	EndGlobalSection
	GlobalSection(ProjectConfigurationPlatforms) = postSolution
		{89D51EDD-99FC-4B11-AD81-B87A8D1301D0}.Debug|Any CPU.ActiveCfg = Debug|Any CPU
		{89D51EDD-99FC-4B11-AD81-B87A8D1301D0}.Debug|Any CPU.Build.0 = Debug|Any CPU
		{89D51EDD-99FC-4B11-AD81-B87A8D1301D0}.Release|Any CPU.ActiveCfg = Release|Any CPU
		{89D51EDD-99FC-4B11-AD81-B87A8D1301D0}.Release|Any CPU.Build.0 = Release|Any CPU
	EndGlobalSection
	GlobalSection(SolutionProperties) = preSolution
		HideSolutionNode = FALSE
	EndGlobalSection
	GlobalSection(ExtensibilityGlobals) = postSolution
		SolutionGuid = {2C176A34-99A4-4315-A68E-EF76B9D95E3A}
	EndGlobalSection
EndGlobal
